// !$*UTF8*$!
{
	archiveVersion = 1;
	classes = {
	};
	objectVersion = 46;
	objects = {

/* Begin PBXBuildFile section */
		2213FE1119AF62F500B9EF4F /* Logger.h in Headers */ = {isa = PBXBuildFile; fileRef = 22888B2618958D4600DCD2EB /* Logger.h */; settings = {ATTRIBUTES = (Public, ); }; };
		2213FE1219AF62FE00B9EF4F /* Logger.mm in Sources */ = {isa = PBXBuildFile; fileRef = 22888B2718958D4600DCD2EB /* Logger.mm */; };
		2213FE1319AF62FE00B9EF4F /* LoggingMacros.h in Headers */ = {isa = PBXBuildFile; fileRef = 22888B2818958D4600DCD2EB /* LoggingMacros.h */; settings = {ATTRIBUTES = (Public, ); }; };
		2213FE1419AF62FE00B9EF4F /* LoggingMacros.mm in Sources */ = {isa = PBXBuildFile; fileRef = 22888B2918958D4600DCD2EB /* LoggingMacros.mm */; };
		2213FE1519AF62FE00B9EF4F /* LogLevel.h in Headers */ = {isa = PBXBuildFile; fileRef = 22888B2A18958D4600DCD2EB /* LogLevel.h */; settings = {ATTRIBUTES = (Public, ); }; };
		2213FE1619AF62FE00B9EF4F /* LogLevel.mm in Sources */ = {isa = PBXBuildFile; fileRef = 22888B2B18958D4600DCD2EB /* LogLevel.mm */; };
		2213FE1719AF62FE00B9EF4F /* Log4m.h in Headers */ = {isa = PBXBuildFile; fileRef = 22888B0818958BAA00DCD2EB /* Log4m.h */; settings = {ATTRIBUTES = (Public, ); }; };
		22A4C37919E5718300AC4036 /* liblog4cplusS.a in Frameworks */ = {isa = PBXBuildFile; fileRef = 22A4C37819E5718300AC4036 /* liblog4cplusS.a */; };
		22E811E619E43603005E94DF /* TestLogger.mm in Sources */ = {isa = PBXBuildFile; fileRef = 22E811E519E43603005E94DF /* TestLogger.mm */; };
		22E811EC19E4364E005E94DF /* SetupLogger.mm in Sources */ = {isa = PBXBuildFile; fileRef = 22888B681896B01C00DCD2EB /* SetupLogger.mm */; };
		22E811ED19E436EE005E94DF /* liblog4m.a in Frameworks */ = {isa = PBXBuildFile; fileRef = 2213FE0D19AF628F00B9EF4F /* liblog4m.a */; };
		22E811FC19E4406C005E94DF /* Logger.h in CopyFiles */ = {isa = PBXBuildFile; fileRef = 22888B2618958D4600DCD2EB /* Logger.h */; };
		22E811FD19E4406C005E94DF /* LoggingMacros.h in CopyFiles */ = {isa = PBXBuildFile; fileRef = 22888B2818958D4600DCD2EB /* LoggingMacros.h */; };
		22E811FE19E4406C005E94DF /* LogLevel.h in CopyFiles */ = {isa = PBXBuildFile; fileRef = 22888B2A18958D4600DCD2EB /* LogLevel.h */; };
		22E811FF19E4406C005E94DF /* Log4m.h in CopyFiles */ = {isa = PBXBuildFile; fileRef = 22888B0818958BAA00DCD2EB /* Log4m.h */; };
/* End PBXBuildFile section */

/* Begin PBXContainerItemProxy section */
		22E811EF19E43710005E94DF /* PBXContainerItemProxy */ = {
			isa = PBXContainerItemProxy;
			containerPortal = 22888AEF18958BAA00DCD2EB /* Project object */;
			proxyType = 1;
			remoteGlobalIDString = 2213FE0C19AF628F00B9EF4F;
			remoteInfo = log4m;
		};
/* End PBXContainerItemProxy section */

/* Begin PBXCopyFilesBuildPhase section */
		22E811F919E44032005E94DF /* CopyFiles */ = {
			isa = PBXCopyFilesBuildPhase;
			buildActionMask = 2147483647;
			dstPath = usr/local/lib;
			dstSubfolderSpec = 16;
			files = (
			);
			runOnlyForDeploymentPostprocessing = 0;
		};
		22E811FB19E44050005E94DF /* CopyFiles */ = {
			isa = PBXCopyFilesBuildPhase;
			buildActionMask = 2147483647;
			dstPath = usr/local/include/Log4m;
			dstSubfolderSpec = 16;
			files = (
				22E811FC19E4406C005E94DF /* Logger.h in CopyFiles */,
				22E811FD19E4406C005E94DF /* LoggingMacros.h in CopyFiles */,
				22E811FE19E4406C005E94DF /* LogLevel.h in CopyFiles */,
				22E811FF19E4406C005E94DF /* Log4m.h in CopyFiles */,
			);
			runOnlyForDeploymentPostprocessing = 0;
		};
/* End PBXCopyFilesBuildPhase section */

/* Begin PBXFileReference section */
		2213FE0D19AF628F00B9EF4F /* liblog4m.a */ = {isa = PBXFileReference; explicitFileType = archive.ar; includeInIndex = 0; path = liblog4m.a; sourceTree = BUILT_PRODUCTS_DIR; };
		22888AFE18958BAA00DCD2EB /* Foundation.framework */ = {isa = PBXFileReference; lastKnownFileType = wrapper.framework; name = Foundation.framework; path = System/Library/Frameworks/Foundation.framework; sourceTree = SDKROOT; };
		22888B0318958BAA00DCD2EB /* Log4m-Info.plist */ = {isa = PBXFileReference; lastKnownFileType = text.plist.xml; path = "Log4m-Info.plist"; sourceTree = "<group>"; };
		22888B0518958BAA00DCD2EB /* en */ = {isa = PBXFileReference; lastKnownFileType = text.plist.strings; name = en; path = en.lproj/InfoPlist.strings; sourceTree = "<group>"; };
		22888B0718958BAA00DCD2EB /* Log4m-Prefix.pch */ = {isa = PBXFileReference; lastKnownFileType = sourcecode.c.h; path = "Log4m-Prefix.pch"; sourceTree = "<group>"; };
		22888B0818958BAA00DCD2EB /* Log4m.h */ = {isa = PBXFileReference; lastKnownFileType = sourcecode.c.h; path = Log4m.h; sourceTree = "<group>"; };
		22888B2618958D4600DCD2EB /* Logger.h */ = {isa = PBXFileReference; fileEncoding = 4; lastKnownFileType = sourcecode.c.h; path = Logger.h; sourceTree = "<group>"; };
		22888B2718958D4600DCD2EB /* Logger.mm */ = {isa = PBXFileReference; fileEncoding = 4; lastKnownFileType = sourcecode.cpp.objcpp; path = Logger.mm; sourceTree = "<group>"; };
		22888B2818958D4600DCD2EB /* LoggingMacros.h */ = {isa = PBXFileReference; fileEncoding = 4; lastKnownFileType = sourcecode.c.h; path = LoggingMacros.h; sourceTree = "<group>"; };
		22888B2918958D4600DCD2EB /* LoggingMacros.mm */ = {isa = PBXFileReference; fileEncoding = 4; lastKnownFileType = sourcecode.cpp.objcpp; path = LoggingMacros.mm; sourceTree = "<group>"; };
		22888B2A18958D4600DCD2EB /* LogLevel.h */ = {isa = PBXFileReference; fileEncoding = 4; lastKnownFileType = sourcecode.c.h; path = LogLevel.h; sourceTree = "<group>"; };
		22888B2B18958D4600DCD2EB /* LogLevel.mm */ = {isa = PBXFileReference; fileEncoding = 4; lastKnownFileType = sourcecode.cpp.objcpp; path = LogLevel.mm; sourceTree = "<group>"; };
		22888B591896A2DE00DCD2EB /* Log4mTests-Info.plist */ = {isa = PBXFileReference; lastKnownFileType = text.plist.xml; path = "Log4mTests-Info.plist"; sourceTree = "<group>"; };
		22888B5B1896A2DE00DCD2EB /* en */ = {isa = PBXFileReference; lastKnownFileType = text.plist.strings; name = en; path = en.lproj/InfoPlist.strings; sourceTree = "<group>"; };
		22888B5F1896A2DE00DCD2EB /* Log4mTests-Prefix.pch */ = {isa = PBXFileReference; lastKnownFileType = sourcecode.c.h; path = "Log4mTests-Prefix.pch"; sourceTree = "<group>"; };
		22888B671896B01C00DCD2EB /* SetupLogger.h */ = {isa = PBXFileReference; fileEncoding = 4; lastKnownFileType = sourcecode.c.h; path = SetupLogger.h; sourceTree = "<group>"; };
		22888B681896B01C00DCD2EB /* SetupLogger.mm */ = {isa = PBXFileReference; fileEncoding = 4; lastKnownFileType = sourcecode.cpp.objcpp; path = SetupLogger.mm; sourceTree = "<group>"; };
		22A4C37819E5718300AC4036 /* liblog4cplusS.a */ = {isa = PBXFileReference; lastKnownFileType = archive.ar; name = liblog4cplusS.a; path = ../../usr/local/lib/liblog4cplusS.a; sourceTree = "<group>"; };
		22E811E319E43602005E94DF /* tests */ = {isa = PBXFileReference; explicitFileType = "compiled.mach-o.executable"; includeInIndex = 0; path = tests; sourceTree = BUILT_PRODUCTS_DIR; };
		22E811E519E43603005E94DF /* TestLogger.mm */ = {isa = PBXFileReference; lastKnownFileType = sourcecode.cpp.objcpp; name = TestLogger.mm; path = ../tests/TestLogger.mm; sourceTree = "<group>"; };
/* End PBXFileReference section */

/* Begin PBXFrameworksBuildPhase section */
		2213FE0A19AF628F00B9EF4F /* Frameworks */ = {
			isa = PBXFrameworksBuildPhase;
			buildActionMask = 2147483647;
			files = (
			);
			runOnlyForDeploymentPostprocessing = 0;
		};
		22E811E019E43602005E94DF /* Frameworks */ = {
			isa = PBXFrameworksBuildPhase;
			buildActionMask = 2147483647;
			files = (
				22A4C37919E5718300AC4036 /* liblog4cplusS.a in Frameworks */,
				22E811ED19E436EE005E94DF /* liblog4m.a in Frameworks */,
			);
			runOnlyForDeploymentPostprocessing = 0;
		};
/* End PBXFrameworksBuildPhase section */

/* Begin PBXGroup section */
		22888AEE18958BAA00DCD2EB = {
			isa = PBXGroup;
			children = (
				22888B0118958BAA00DCD2EB /* Log4m */,
				22888B571896A2DE00DCD2EB /* Log4mTests */,
				22888AFA18958BAA00DCD2EB /* Frameworks */,
				22888B36189591E200DCD2EB /* Libraries */,
			);
			sourceTree = "<group>";
		};
		22888AF918958BAA00DCD2EB /* Products */ = {
			isa = PBXGroup;
			children = (
				2213FE0D19AF628F00B9EF4F /* liblog4m.a */,
			);
			name = Products;
			path = ..;
			sourceTree = "<group>";
		};
		22888AFA18958BAA00DCD2EB /* Frameworks */ = {
			isa = PBXGroup;
			children = (
				22888AFE18958BAA00DCD2EB /* Foundation.framework */,
			);
			name = Frameworks;
			sourceTree = "<group>";
		};
		22888B0118958BAA00DCD2EB /* Log4m */ = {
			isa = PBXGroup;
			children = (
				22888B2618958D4600DCD2EB /* Logger.h */,
				22888B2718958D4600DCD2EB /* Logger.mm */,
				22888B2818958D4600DCD2EB /* LoggingMacros.h */,
				22888B2918958D4600DCD2EB /* LoggingMacros.mm */,
				22888B2A18958D4600DCD2EB /* LogLevel.h */,
				22888B2B18958D4600DCD2EB /* LogLevel.mm */,
				22888B0818958BAA00DCD2EB /* Log4m.h */,
				22888AF918958BAA00DCD2EB /* Products */,
				22888B0218958BAA00DCD2EB /* Supporting Files */,
			);
			path = Log4m;
			sourceTree = "<group>";
		};
		22888B0218958BAA00DCD2EB /* Supporting Files */ = {
			isa = PBXGroup;
			children = (
				22888B0318958BAA00DCD2EB /* Log4m-Info.plist */,
				22888B0418958BAA00DCD2EB /* InfoPlist.strings */,
				22888B0718958BAA00DCD2EB /* Log4m-Prefix.pch */,
			);
			name = "Supporting Files";
			sourceTree = "<group>";
		};
		22888B36189591E200DCD2EB /* Libraries */ = {
			isa = PBXGroup;
			children = (
				22A4C37819E5718300AC4036 /* liblog4cplusS.a */,
			);
			name = Libraries;
			sourceTree = "<group>";
		};
		22888B571896A2DE00DCD2EB /* Log4mTests */ = {
			isa = PBXGroup;
			children = (
				22888B671896B01C00DCD2EB /* SetupLogger.h */,
				22888B681896B01C00DCD2EB /* SetupLogger.mm */,
				22E811E519E43603005E94DF /* TestLogger.mm */,
				22888B581896A2DE00DCD2EB /* Supporting Files */,
				22A4C37A19E5731300AC4036 /* Products */,
			);
			path = Log4mTests;
			sourceTree = "<group>";
		};
		22888B581896A2DE00DCD2EB /* Supporting Files */ = {
			isa = PBXGroup;
			children = (
				22888B591896A2DE00DCD2EB /* Log4mTests-Info.plist */,
				22888B5A1896A2DE00DCD2EB /* InfoPlist.strings */,
				22888B5F1896A2DE00DCD2EB /* Log4mTests-Prefix.pch */,
			);
			name = "Supporting Files";
			sourceTree = "<group>";
		};
		22A4C37A19E5731300AC4036 /* Products */ = {
			isa = PBXGroup;
			children = (
				22E811E319E43602005E94DF /* tests */,
			);
			name = Products;
			sourceTree = "<group>";
		};
/* End PBXGroup section */

/* Begin PBXHeadersBuildPhase section */
		2213FE0B19AF628F00B9EF4F /* Headers */ = {
			isa = PBXHeadersBuildPhase;
			buildActionMask = 2147483647;
			files = (
				2213FE1719AF62FE00B9EF4F /* Log4m.h in Headers */,
				2213FE1519AF62FE00B9EF4F /* LogLevel.h in Headers */,
				2213FE1119AF62F500B9EF4F /* Logger.h in Headers */,
				2213FE1319AF62FE00B9EF4F /* LoggingMacros.h in Headers */,
			);
			runOnlyForDeploymentPostprocessing = 0;
		};
/* End PBXHeadersBuildPhase section */

/* Begin PBXNativeTarget section */
		2213FE0C19AF628F00B9EF4F /* log4m */ = {
			isa = PBXNativeTarget;
			buildConfigurationList = 2213FE0E19AF628F00B9EF4F /* Build configuration list for PBXNativeTarget "log4m" */;
			buildPhases = (
				2213FE0919AF628F00B9EF4F /* Sources */,
				2213FE0A19AF628F00B9EF4F /* Frameworks */,
				2213FE0B19AF628F00B9EF4F /* Headers */,
				22E811F919E44032005E94DF /* CopyFiles */,
				22E811FB19E44050005E94DF /* CopyFiles */,
			);
			buildRules = (
			);
			dependencies = (
			);
			name = log4m;
			productName = log4m;
			productReference = 2213FE0D19AF628F00B9EF4F /* liblog4m.a */;
			productType = "com.apple.product-type.library.static";
		};
		22E811E219E43602005E94DF /* tests */ = {
			isa = PBXNativeTarget;
			buildConfigurationList = 22E811E719E43603005E94DF /* Build configuration list for PBXNativeTarget "tests" */;
			buildPhases = (
				22E811DF19E43602005E94DF /* Sources */,
				22E811E019E43602005E94DF /* Frameworks */,
			);
			buildRules = (
			);
			dependencies = (
				22E811F019E43710005E94DF /* PBXTargetDependency */,
			);
			name = tests;
			productName = tests;
			productReference = 22E811E319E43602005E94DF /* tests */;
			productType = "com.apple.product-type.tool";
		};
/* End PBXNativeTarget section */

/* Begin PBXProject section */
		22888AEF18958BAA00DCD2EB /* Project object */ = {
			isa = PBXProject;
			attributes = {
				LastUpgradeCheck = 0600;
				ORGANIZATIONNAME = "Tim Allman";
				TargetAttributes = {
					22E811E219E43602005E94DF = {
						CreatedOnToolsVersion = 6.0.1;
					};
				};
			};
			buildConfigurationList = 22888AF218958BAA00DCD2EB /* Build configuration list for PBXProject "Log4m" */;
			compatibilityVersion = "Xcode 3.2";
			developmentRegion = English;
			hasScannedForEncodings = 0;
			knownRegions = (
				en,
			);
			mainGroup = 22888AEE18958BAA00DCD2EB;
			productRefGroup = 22888AF918958BAA00DCD2EB /* Products */;
			projectDirPath = "";
			projectRoot = "";
			targets = (
				2213FE0C19AF628F00B9EF4F /* log4m */,
				22E811E219E43602005E94DF /* tests */,
			);
		};
/* End PBXProject section */

/* Begin PBXSourcesBuildPhase section */
		2213FE0919AF628F00B9EF4F /* Sources */ = {
			isa = PBXSourcesBuildPhase;
			buildActionMask = 2147483647;
			files = (
				2213FE1419AF62FE00B9EF4F /* LoggingMacros.mm in Sources */,
				2213FE1619AF62FE00B9EF4F /* LogLevel.mm in Sources */,
				2213FE1219AF62FE00B9EF4F /* Logger.mm in Sources */,
			);
			runOnlyForDeploymentPostprocessing = 0;
		};
		22E811DF19E43602005E94DF /* Sources */ = {
			isa = PBXSourcesBuildPhase;
			buildActionMask = 2147483647;
			files = (
				22E811E619E43603005E94DF /* TestLogger.mm in Sources */,
				22E811EC19E4364E005E94DF /* SetupLogger.mm in Sources */,
			);
			runOnlyForDeploymentPostprocessing = 0;
		};
/* End PBXSourcesBuildPhase section */

/* Begin PBXTargetDependency section */
		22E811F019E43710005E94DF /* PBXTargetDependency */ = {
			isa = PBXTargetDependency;
			target = 2213FE0C19AF628F00B9EF4F /* log4m */;
			targetProxy = 22E811EF19E43710005E94DF /* PBXContainerItemProxy */;
		};
/* End PBXTargetDependency section */

/* Begin PBXVariantGroup section */
		22888B0418958BAA00DCD2EB /* InfoPlist.strings */ = {
			isa = PBXVariantGroup;
			children = (
				22888B0518958BAA00DCD2EB /* en */,
			);
			name = InfoPlist.strings;
			sourceTree = "<group>";
		};
		22888B5A1896A2DE00DCD2EB /* InfoPlist.strings */ = {
			isa = PBXVariantGroup;
			children = (
				22888B5B1896A2DE00DCD2EB /* en */,
			);
			name = InfoPlist.strings;
			sourceTree = "<group>";
		};
/* End PBXVariantGroup section */

/* Begin XCBuildConfiguration section */
		2213FE0F19AF628F00B9EF4F /* Debug */ = {
			isa = XCBuildConfiguration;
			buildSettings = {
				CLANG_CXX_LANGUAGE_STANDARD = "gnu++98";
				CLANG_CXX_LIBRARY = "libstdc++";
				CLANG_ENABLE_MODULES = YES;
				CLANG_ENABLE_OBJC_ARC = NO;
				COMBINE_HIDPI_IMAGES = YES;
				EXECUTABLE_PREFIX = lib;
				GCC_C_LANGUAGE_STANDARD = gnu99;
				GCC_PREPROCESSOR_DEFINITIONS = (
					"DEBUG=1",
					"$(inherited)",
				);
				GCC_WARN_UNINITIALIZED_AUTOS = YES_AGGRESSIVE;
				LIBRARY_SEARCH_PATHS = (
					"$(inherited)",
					/Users/tim/usr/local/lib,
				);
				MACOSX_DEPLOYMENT_TARGET = 10.7;
				PRODUCT_NAME = "$(TARGET_NAME)";
			};
			name = Debug;
		};
		2213FE1019AF628F00B9EF4F /* Release */ = {
			isa = XCBuildConfiguration;
			buildSettings = {
				CLANG_CXX_LANGUAGE_STANDARD = "gnu++98";
				CLANG_CXX_LIBRARY = "libstdc++";
				CLANG_ENABLE_MODULES = YES;
				CLANG_ENABLE_OBJC_ARC = NO;
				COMBINE_HIDPI_IMAGES = YES;
				EXECUTABLE_PREFIX = lib;
				GCC_C_LANGUAGE_STANDARD = gnu99;
				GCC_WARN_UNINITIALIZED_AUTOS = YES_AGGRESSIVE;
				LIBRARY_SEARCH_PATHS = (
					"$(inherited)",
					/Users/tim/usr/local/lib,
				);
				MACOSX_DEPLOYMENT_TARGET = 10.7;
				PRODUCT_NAME = "$(TARGET_NAME)";
			};
			name = Release;
		};
		22888B1E18958BAA00DCD2EB /* Debug */ = {
			isa = XCBuildConfiguration;
			buildSettings = {
				ALWAYS_SEARCH_USER_PATHS = NO;
				ARCHS = "$(ARCHS_STANDARD_32_64_BIT)";
				CLANG_CXX_LANGUAGE_STANDARD = "gnu++98";
				CLANG_CXX_LIBRARY = "libstdc++";
				CLANG_ENABLE_OBJC_ARC = NO;
				CLANG_WARN_BOOL_CONVERSION = YES;
				CLANG_WARN_CONSTANT_CONVERSION = YES;
				CLANG_WARN_DIRECT_OBJC_ISA_USAGE = YES_ERROR;
				CLANG_WARN_EMPTY_BODY = YES;
				CLANG_WARN_ENUM_CONVERSION = YES;
				CLANG_WARN_INT_CONVERSION = YES;
				CLANG_WARN_OBJC_ROOT_CLASS = YES_ERROR;
				CLANG_WARN__DUPLICATE_METHOD_MATCH = YES;
				COPY_PHASE_STRIP = NO;
				CURRENT_PROJECT_VERSION = 1.0;
				DYLIB_CURRENT_VERSION = 1.0;
				GCC_C_LANGUAGE_STANDARD = "compiler-default";
				GCC_DYNAMIC_NO_PIC = NO;
				GCC_ENABLE_OBJC_EXCEPTIONS = YES;
				GCC_OPTIMIZATION_LEVEL = 0;
				GCC_PREPROCESSOR_DEFINITIONS = (
					"DEBUG=1",
					"$(inherited)",
				);
				GCC_SYMBOLS_PRIVATE_EXTERN = NO;
				GCC_WARN_64_TO_32_BIT_CONVERSION = YES;
				GCC_WARN_ABOUT_RETURN_TYPE = YES_ERROR;
				GCC_WARN_UNDECLARED_SELECTOR = YES;
				GCC_WARN_UNINITIALIZED_AUTOS = YES;
				GCC_WARN_UNUSED_FUNCTION = YES;
				GCC_WARN_UNUSED_VARIABLE = YES;
				HEADER_SEARCH_PATHS = (
					"$(inherited)",
					"~/usr/local/include",
				);
				LIBRARY_SEARCH_PATHS = "~/usr/local/lib";
				MACOSX_DEPLOYMENT_TARGET = 10.7;
				ONLY_ACTIVE_ARCH = NO;
				SDKROOT = macosx;
			};
			name = Debug;
		};
		22888B1F18958BAA00DCD2EB /* Release */ = {
			isa = XCBuildConfiguration;
			buildSettings = {
				ALWAYS_SEARCH_USER_PATHS = NO;
				ARCHS = "$(ARCHS_STANDARD_32_64_BIT)";
				CLANG_CXX_LANGUAGE_STANDARD = "gnu++98";
				CLANG_CXX_LIBRARY = "libstdc++";
				CLANG_ENABLE_OBJC_ARC = NO;
				CLANG_WARN_BOOL_CONVERSION = YES;
				CLANG_WARN_CONSTANT_CONVERSION = YES;
				CLANG_WARN_DIRECT_OBJC_ISA_USAGE = YES_ERROR;
				CLANG_WARN_EMPTY_BODY = YES;
				CLANG_WARN_ENUM_CONVERSION = YES;
				CLANG_WARN_INT_CONVERSION = YES;
				CLANG_WARN_OBJC_ROOT_CLASS = YES_ERROR;
				CLANG_WARN__DUPLICATE_METHOD_MATCH = YES;
				COPY_PHASE_STRIP = YES;
				CURRENT_PROJECT_VERSION = 1.0;
				DEBUG_INFORMATION_FORMAT = "dwarf-with-dsym";
				DYLIB_CURRENT_VERSION = 1.0;
				ENABLE_NS_ASSERTIONS = NO;
				GCC_C_LANGUAGE_STANDARD = "compiler-default";
				GCC_ENABLE_OBJC_EXCEPTIONS = YES;
				GCC_WARN_64_TO_32_BIT_CONVERSION = YES;
				GCC_WARN_ABOUT_RETURN_TYPE = YES_ERROR;
				GCC_WARN_UNDECLARED_SELECTOR = YES;
				GCC_WARN_UNINITIALIZED_AUTOS = YES;
				GCC_WARN_UNUSED_FUNCTION = YES;
				GCC_WARN_UNUSED_VARIABLE = YES;
				HEADER_SEARCH_PATHS = (
					"$(inherited)",
					"~/usr/local/include",
				);
				LIBRARY_SEARCH_PATHS = "~/usr/local/lib";
				MACOSX_DEPLOYMENT_TARGET = 10.7;
				ONLY_ACTIVE_ARCH = NO;
				SDKROOT = macosx;
			};
			name = Release;
		};
		22E811E819E43603005E94DF /* Debug */ = {
			isa = XCBuildConfiguration;
			buildSettings = {
				CLANG_CXX_LANGUAGE_STANDARD = "c++98";
				CLANG_CXX_LIBRARY = "libstdc++";
				CLANG_ENABLE_MODULES = YES;
				CLANG_ENABLE_OBJC_ARC = NO;
				CLANG_WARN_UNREACHABLE_CODE = YES;
				ENABLE_STRICT_OBJC_MSGSEND = YES;
				GCC_C_LANGUAGE_STANDARD = gnu99;
				GCC_PREPROCESSOR_DEFINITIONS = (
					"DEBUG=1",
					"$(inherited)",
				);
				GCC_WARN_UNINITIALIZED_AUTOS = YES_AGGRESSIVE;
				LIBRARY_SEARCH_PATHS = (
					"$(inherited)",
					/Users/tim/usr/local/lib,
				);
				MACOSX_DEPLOYMENT_TARGET = 10.7;
				MTL_ENABLE_DEBUG_INFO = YES;
				ONLY_ACTIVE_ARCH = YES;
				PRODUCT_NAME = "$(TARGET_NAME)";
			};
			name = Debug;
		};
		22E811E919E43603005E94DF /* Release */ = {
			isa = XCBuildConfiguration;
			buildSettings = {
				CLANG_CXX_LANGUAGE_STANDARD = "c++98";
				CLANG_CXX_LIBRARY = "libstdc++";
				CLANG_ENABLE_MODULES = YES;
				CLANG_ENABLE_OBJC_ARC = NO;
				CLANG_WARN_UNREACHABLE_CODE = YES;
				ENABLE_STRICT_OBJC_MSGSEND = YES;
				GCC_C_LANGUAGE_STANDARD = gnu99;
				GCC_WARN_UNINITIALIZED_AUTOS = YES_AGGRESSIVE;
				LIBRARY_SEARCH_PATHS = (
					"$(inherited)",
					/Users/tim/usr/local/lib,
				);
				MACOSX_DEPLOYMENT_TARGET = 10.7;
				MTL_ENABLE_DEBUG_INFO = NO;
				PRODUCT_NAME = "$(TARGET_NAME)";
			};
			name = Release;
		};
/* End XCBuildConfiguration section */

/* Begin XCConfigurationList section */
		2213FE0E19AF628F00B9EF4F /* Build configuration list for PBXNativeTarget "log4m" */ = {
			isa = XCConfigurationList;
			buildConfigurations = (
				2213FE0F19AF628F00B9EF4F /* Debug */,
				2213FE1019AF628F00B9EF4F /* Release */,
			);
			defaultConfigurationIsVisible = 0;
			defaultConfigurationName = Release;
		};
		22888AF218958BAA00DCD2EB /* Build configuration list for PBXProject "Log4m" */ = {
			isa = XCConfigurationList;
			buildConfigurations = (
				22888B1E18958BAA00DCD2EB /* Debug */,
				22888B1F18958BAA00DCD2EB /* Release */,
			);
			defaultConfigurationIsVisible = 0;
			defaultConfigurationName = Release;
		};
		22E811E719E43603005E94DF /* Build configuration list for PBXNativeTarget "tests" */ = {
			isa = XCConfigurationList;
			buildConfigurations = (
				22E811E819E43603005E94DF /* Debug */,
				22E811E919E43603005E94DF /* Release */,
			);
			defaultConfigurationIsVisible = 0;
			defaultConfigurationName = Release;
		};
/* End XCConfigurationList section */
	};
	rootObject = 22888AEF18958BAA00DCD2EB /* Project object */;
}
